
Microsoft Visual Studio Solution File, Format Version 12.00
# Visual Studio Version 16
VisualStudioVersion = 16.0.31911.196
MinimumVisualStudioVersion = 10.0.40219.1
Project("{FAE04EC0-301F-11D3-BF4B-00C04F79EFBC}") = "Прикол от сбербанка", "Прикол от сбербанка\Прикол от сбербанка.csproj", "{99E9C642-D67B-4C57-91E4-3CA048074E64}"
EndProject
Global
	GlobalSection(SolutionConfigurationPlatforms) = preSolution
		Debug|Any CPU = Debug|Any CPU
		Release|Any CPU = Release|Any CPU
	EndGlobalSection
	GlobalSection(ProjectConfigurationPlatforms) = postSolution
		{99E9C642-D67B-4C57-91E4-3CA048074E64}.Debug|Any CPU.ActiveCfg = Debug|Any CPU
		{99E9C642-D67B-4C57-91E4-3CA048074E64}.Debug|Any CPU.Build.0 = Debug|Any CPU
		{99E9C642-D67B-4C57-91E4-3CA048074E64}.Release|Any CPU.ActiveCfg = Release|Any CPU
		{99E9C642-D67B-4C57-91E4-3CA048074E64}.Release|Any CPU.Build.0 = Release|Any CPU
	EndGlobalSection
	GlobalSection(SolutionProperties) = preSolution
		HideSolutionNode = FALSE
	EndGlobalSection
	GlobalSection(ExtensibilityGlobals) = postSolution
		SolutionGuid = {0A91AD3A-0F3F-426F-BD3E-9928B8865D78}
	EndGlobalSection
EndGlobal
